
Microsoft Visual Studio Solution File, Format Version 12.00
# Visual Studio Version 16
VisualStudioVersion = 16.0.31624.102
MinimumVisualStudioVersion = 10.0.40219.1
Project("{9A19103F-16F7-4668-BE54-9A1E7A4F7556}") = "Miau", "petshop\Miau.csproj", "{4BEA8BC1-200C-4906-A16C-5FA4A1691748}"
EndProject
Global
	GlobalSection(SolutionConfigurationPlatforms) = preSolution
		Debug|Any CPU = Debug|Any CPU
		Release|Any CPU = Release|Any CPU
	EndGlobalSection
	GlobalSection(ProjectConfigurationPlatforms) = postSolution
		{4BEA8BC1-200C-4906-A16C-5FA4A1691748}.Debug|Any CPU.ActiveCfg = Debug|Any CPU
		{4BEA8BC1-200C-4906-A16C-5FA4A1691748}.Debug|Any CPU.Build.0 = Debug|Any CPU
		{4BEA8BC1-200C-4906-A16C-5FA4A1691748}.Release|Any CPU.ActiveCfg = Release|Any CPU
		{4BEA8BC1-200C-4906-A16C-5FA4A1691748}.Release|Any CPU.Build.0 = Release|Any CPU
	EndGlobalSection
	GlobalSection(SolutionProperties) = preSolution
		HideSolutionNode = FALSE
	EndGlobalSection
	GlobalSection(ExtensibilityGlobals) = postSolution
		SolutionGuid = {7505A80C-5D43-48F2-B9DC-946BF91C15E3}
	EndGlobalSection
EndGlobal
